
Microsoft Visual Studio Solution File, Format Version 10.00
# Visual Studio 2008
Project("{FAE04EC0-301F-11D3-BF4B-00C04F79EFBC}") = "epi-display-panasonic-projector", "epi-display-panasonic-projector.csproj", "{B986CEE5-DAC4-40BF-BCFE-0C2CA83350FE}"
EndProject
Global
	GlobalSection(SolutionConfigurationPlatforms) = preSolution
		Debug|Any CPU = Debug|Any CPU
		Release|Any CPU = Release|Any CPU
	EndGlobalSection
	GlobalSection(ProjectConfigurationPlatforms) = postSolution
		{B986CEE5-DAC4-40BF-BCFE-0C2CA83350FE}.Debug|Any CPU.ActiveCfg = Debug|Any CPU
		{B986CEE5-DAC4-40BF-BCFE-0C2CA83350FE}.Debug|Any CPU.Build.0 = Debug|Any CPU
		{B986CEE5-DAC4-40BF-BCFE-0C2CA83350FE}.Release|Any CPU.ActiveCfg = Release|Any CPU
		{B986CEE5-DAC4-40BF-BCFE-0C2CA83350FE}.Release|Any CPU.Build.0 = Release|Any CPU
	EndGlobalSection
	GlobalSection(SolutionProperties) = preSolution
		HideSolutionNode = FALSE
	EndGlobalSection
EndGlobal
